
Microsoft Visual Studio Solution File, Format Version 12.00
# Visual Studio Version 16
VisualStudioVersion = 16.0.30002.166
MinimumVisualStudioVersion = 10.0.40219.1
Project("{FAE04EC0-301F-11D3-BF4B-00C04F79EFBC}") = "WeatherApp.UWP", "WeatherApp\WeatherApp.UWP\WeatherApp.UWP.csproj", "{B812EFA4-48E5-4029-8B82-F6F44773A8DD}"
EndProject
Project("{FAE04EC0-301F-11D3-BF4B-00C04F79EFBC}") = "WeatherApp.Android", "WeatherApp\WeatherApp.Android\WeatherApp.Android.csproj", "{13BC5D0A-96CC-4F82-A4E8-4B0C89942355}"
EndProject
Project("{FAE04EC0-301F-11D3-BF4B-00C04F79EFBC}") = "WeatherApp.iOS", "WeatherApp\WeatherApp.iOS\WeatherApp.iOS.csproj", "{BB241DED-C9C4-4B23-BDC8-187337AFC6BB}"
EndProject
Project("{FAE04EC0-301F-11D3-BF4B-00C04F79EFBC}") = "WeatherApp", "WeatherApp\WeatherApp\WeatherApp.csproj", "{E261EC22-36CC-4B77-AB55-C4CF15A138C1}"
EndProject
Global
	GlobalSection(SolutionConfigurationPlatforms) = preSolution
		Debug|Any CPU = Debug|Any CPU
		Debug|ARM = Debug|ARM
		Debug|iPhone = Debug|iPhone
		Debug|iPhoneSimulator = Debug|iPhoneSimulator
		Debug|x64 = Debug|x64
		Debug|x86 = Debug|x86
		Release|Any CPU = Release|Any CPU
		Release|ARM = Release|ARM
		Release|iPhone = Release|iPhone
		Release|iPhoneSimulator = Release|iPhoneSimulator
		Release|x64 = Release|x64
		Release|x86 = Release|x86
	EndGlobalSection
	GlobalSection(ProjectConfigurationPlatforms) = postSolution
		{B812EFA4-48E5-4029-8B82-F6F44773A8DD}.Debug|Any CPU.ActiveCfg = Debug|x86
		{B812EFA4-48E5-4029-8B82-F6F44773A8DD}.Debug|Any CPU.Build.0 = Debug|x86
		{B812EFA4-48E5-4029-8B82-F6F44773A8DD}.Debug|Any CPU.Deploy.0 = Debug|x86
		{B812EFA4-48E5-4029-8B82-F6F44773A8DD}.Debug|ARM.ActiveCfg = Debug|ARM
		{B812EFA4-48E5-4029-8B82-F6F44773A8DD}.Debug|ARM.Build.0 = Debug|ARM
		{B812EFA4-48E5-4029-8B82-F6F44773A8DD}.Debug|ARM.Deploy.0 = Debug|ARM
		{B812EFA4-48E5-4029-8B82-F6F44773A8DD}.Debug|iPhone.ActiveCfg = Debug|x86
		{B812EFA4-48E5-4029-8B82-F6F44773A8DD}.Debug|iPhone.Build.0 = Debug|x86
		{B812EFA4-48E5-4029-8B82-F6F44773A8DD}.Debug|iPhone.Deploy.0 = Debug|x86
		{B812EFA4-48E5-4029-8B82-F6F44773A8DD}.Debug|iPhoneSimulator.ActiveCfg = Debug|x86
		{B812EFA4-48E5-4029-8B82-F6F44773A8DD}.Debug|iPhoneSimulator.Build.0 = Debug|x86
		{B812EFA4-48E5-4029-8B82-F6F44773A8DD}.Debug|iPhoneSimulator.Deploy.0 = Debug|x86
		{B812EFA4-48E5-4029-8B82-F6F44773A8DD}.Debug|x64.ActiveCfg = Debug|x64
		{B812EFA4-48E5-4029-8B82-F6F44773A8DD}.Debug|x64.Build.0 = Debug|x64
		{B812EFA4-48E5-4029-8B82-F6F44773A8DD}.Debug|x64.Deploy.0 = Debug|x64
		{B812EFA4-48E5-4029-8B82-F6F44773A8DD}.Debug|x86.ActiveCfg = Debug|x86
		{B812EFA4-48E5-4029-8B82-F6F44773A8DD}.Debug|x86.Build.0 = Debug|x86
		{B812EFA4-48E5-4029-8B82-F6F44773A8DD}.Debug|x86.Deploy.0 = Debug|x86
		{B812EFA4-48E5-4029-8B82-F6F44773A8DD}.Release|Any CPU.ActiveCfg = Release|x86
		{B812EFA4-48E5-4029-8B82-F6F44773A8DD}.Release|Any CPU.Build.0 = Release|x86
		{B812EFA4-48E5-4029-8B82-F6F44773A8DD}.Release|Any CPU.Deploy.0 = Release|x86
		{B812EFA4-48E5-4029-8B82-F6F44773A8DD}.Release|ARM.ActiveCfg = Release|ARM
		{B812EFA4-48E5-4029-8B82-F6F44773A8DD}.Release|ARM.Build.0 = Release|ARM
		{B812EFA4-48E5-4029-8B82-F6F44773A8DD}.Release|ARM.Deploy.0 = Release|ARM
		{B812EFA4-48E5-4029-8B82-F6F44773A8DD}.Release|iPhone.ActiveCfg = Release|x86
		{B812EFA4-48E5-4029-8B82-F6F44773A8DD}.Release|iPhone.Build.0 = Release|x86
		{B812EFA4-48E5-4029-8B82-F6F44773A8DD}.Release|iPhone.Deploy.0 = Release|x86
		{B812EFA4-48E5-4029-8B82-F6F44773A8DD}.Release|iPhoneSimulator.ActiveCfg = Release|x86
		{B812EFA4-48E5-4029-8B82-F6F44773A8DD}.Release|iPhoneSimulator.Build.0 = Release|x86
		{B812EFA4-48E5-4029-8B82-F6F44773A8DD}.Release|iPhoneSimulator.Deploy.0 = Release|x86
		{B812EFA4-48E5-4029-8B82-F6F44773A8DD}.Release|x64.ActiveCfg = Release|x64
		{B812EFA4-48E5-4029-8B82-F6F44773A8DD}.Release|x64.Build.0 = Release|x64
		{B812EFA4-48E5-4029-8B82-F6F44773A8DD}.Release|x64.Deploy.0 = Release|x64
		{B812EFA4-48E5-4029-8B82-F6F44773A8DD}.Release|x86.ActiveCfg = Release|x86
		{B812EFA4-48E5-4029-8B82-F6F44773A8DD}.Release|x86.Build.0 = Release|x86
		{B812EFA4-48E5-4029-8B82-F6F44773A8DD}.Release|x86.Deploy.0 = Release|x86
		{13BC5D0A-96CC-4F82-A4E8-4B0C89942355}.Debug|Any CPU.ActiveCfg = Debug|Any CPU
		{13BC5D0A-96CC-4F82-A4E8-4B0C89942355}.Debug|Any CPU.Build.0 = Debug|Any CPU
		{13BC5D0A-96CC-4F82-A4E8-4B0C89942355}.Debug|Any CPU.Deploy.0 = Debug|Any CPU
		{13BC5D0A-96CC-4F82-A4E8-4B0C89942355}.Debug|ARM.ActiveCfg = Debug|Any CPU
		{13BC5D0A-96CC-4F82-A4E8-4B0C89942355}.Debug|ARM.Build.0 = Debug|Any CPU
		{13BC5D0A-96CC-4F82-A4E8-4B0C89942355}.Debug|ARM.Deploy.0 = Debug|Any CPU
		{13BC5D0A-96CC-4F82-A4E8-4B0C89942355}.Debug|iPhone.ActiveCfg = Debug|Any CPU
		{13BC5D0A-96CC-4F82-A4E8-4B0C89942355}.Debug|iPhone.Build.0 = Debug|Any CPU
		{13BC5D0A-96CC-4F82-A4E8-4B0C89942355}.Debug|iPhone.Deploy.0 = Debug|Any CPU
		{13BC5D0A-96CC-4F82-A4E8-4B0C89942355}.Debug|iPhoneSimulator.ActiveCfg = Debug|Any CPU
		{13BC5D0A-96CC-4F82-A4E8-4B0C89942355}.Debug|iPhoneSimulator.Build.0 = Debug|Any CPU
		{13BC5D0A-96CC-4F82-A4E8-4B0C89942355}.Debug|iPhoneSimulator.Deploy.0 = Debug|Any CPU
		{13BC5D0A-96CC-4F82-A4E8-4B0C89942355}.Debug|x64.ActiveCfg = Debug|Any CPU
		{13BC5D0A-96CC-4F82-A4E8-4B0C89942355}.Debug|x64.Build.0 = Debug|Any CPU
		{13BC5D0A-96CC-4F82-A4E8-4B0C89942355}.Debug|x64.Deploy.0 = Debug|Any CPU
		{13BC5D0A-96CC-4F82-A4E8-4B0C89942355}.Debug|x86.ActiveCfg = Debug|Any CPU
		{13BC5D0A-96CC-4F82-A4E8-4B0C89942355}.Debug|x86.Build.0 = Debug|Any CPU
		{13BC5D0A-96CC-4F82-A4E8-4B0C89942355}.Debug|x86.Deploy.0 = Debug|Any CPU
		{13BC5D0A-96CC-4F82-A4E8-4B0C89942355}.Release|Any CPU.ActiveCfg = Release|Any CPU
		{13BC5D0A-96CC-4F82-A4E8-4B0C89942355}.Release|Any CPU.Build.0 = Release|Any CPU
		{13BC5D0A-96CC-4F82-A4E8-4B0C89942355}.Release|Any CPU.Deploy.0 = Release|Any CPU
		{13BC5D0A-96CC-4F82-A4E8-4B0C89942355}.Release|ARM.ActiveCfg = Release|Any CPU
		{13BC5D0A-96CC-4F82-A4E8-4B0C89942355}.Release|ARM.Build.0 = Release|Any CPU
		{13BC5D0A-96CC-4F82-A4E8-4B0C89942355}.Release|ARM.Deploy.0 = Release|Any CPU
		{13BC5D0A-96CC-4F82-A4E8-4B0C89942355}.Release|iPhone.ActiveCfg = Release|Any CPU
		{13BC5D0A-96CC-4F82-A4E8-4B0C89942355}.Release|iPhone.Build.0 = Release|Any CPU
		{13BC5D0A-96CC-4F82-A4E8-4B0C89942355}.Release|iPhone.Deploy.0 = Release|Any CPU
		{13BC5D0A-96CC-4F82-A4E8-4B0C89942355}.Release|iPhoneSimulator.ActiveCfg = Release|Any CPU
		{13BC5D0A-96CC-4F82-A4E8-4B0C89942355}.Release|iPhoneSimulator.Build.0 = Release|Any CPU
		{13BC5D0A-96CC-4F82-A4E8-4B0C89942355}.Release|iPhoneSimulator.Deploy.0 = Release|Any CPU
		{13BC5D0A-96CC-4F82-A4E8-4B0C89942355}.Release|x64.ActiveCfg = Release|Any CPU
		{13BC5D0A-96CC-4F82-A4E8-4B0C89942355}.Release|x64.Build.0 = Release|Any CPU
		{13BC5D0A-96CC-4F82-A4E8-4B0C89942355}.Release|x64.Deploy.0 = Release|Any CPU
		{13BC5D0A-96CC-4F82-A4E8-4B0C89942355}.Release|x86.ActiveCfg = Release|Any CPU
		{13BC5D0A-96CC-4F82-A4E8-4B0C89942355}.Release|x86.Build.0 = Release|Any CPU
		{13BC5D0A-96CC-4F82-A4E8-4B0C89942355}.Release|x86.Deploy.0 = Release|Any CPU
		{BB241DED-C9C4-4B23-BDC8-187337AFC6BB}.Debug|Any CPU.ActiveCfg = Debug|iPhone
		{BB241DED-C9C4-4B23-BDC8-187337AFC6BB}.Debug|Any CPU.Build.0 = Debug|iPhone
		{BB241DED-C9C4-4B23-BDC8-187337AFC6BB}.Debug|Any CPU.Deploy.0 = Debug|iPhone
		{BB241DED-C9C4-4B23-BDC8-187337AFC6BB}.Debug|ARM.ActiveCfg = Debug|iPhone
		{BB241DED-C9C4-4B23-BDC8-187337AFC6BB}.Debug|ARM.Build.0 = Debug|iPhone
		{BB241DED-C9C4-4B23-BDC8-187337AFC6BB}.Debug|ARM.Deploy.0 = Debug|iPhone
		{BB241DED-C9C4-4B23-BDC8-187337AFC6BB}.Debug|iPhone.ActiveCfg = Debug|iPhone
		{BB241DED-C9C4-4B23-BDC8-187337AFC6BB}.Debug|iPhone.Build.0 = Debug|iPhone
		{BB241DED-C9C4-4B23-BDC8-187337AFC6BB}.Debug|iPhone.Deploy.0 = Debug|iPhone
		{BB241DED-C9C4-4B23-BDC8-187337AFC6BB}.Debug|iPhoneSimulator.ActiveCfg = Debug|iPhoneSimulator
		{BB241DED-C9C4-4B23-BDC8-187337AFC6BB}.Debug|iPhoneSimulator.Build.0 = Debug|iPhoneSimulator
		{BB241DED-C9C4-4B23-BDC8-187337AFC6BB}.Debug|iPhoneSimulator.Deploy.0 = Debug|iPhoneSimulator
		{BB241DED-C9C4-4B23-BDC8-187337AFC6BB}.Debug|x64.ActiveCfg = Debug|iPhone
		{BB241DED-C9C4-4B23-BDC8-187337AFC6BB}.Debug|x64.Build.0 = Debug|iPhone
		{BB241DED-C9C4-4B23-BDC8-187337AFC6BB}.Debug|x64.Deploy.0 = Debug|iPhone
		{BB241DED-C9C4-4B23-BDC8-187337AFC6BB}.Debug|x86.ActiveCfg = Debug|iPhone
		{BB241DED-C9C4-4B23-BDC8-187337AFC6BB}.Debug|x86.Build.0 = Debug|iPhone
		{BB241DED-C9C4-4B23-BDC8-187337AFC6BB}.Debug|x86.Deploy.0 = Debug|iPhone
		{BB241DED-C9C4-4B23-BDC8-187337AFC6BB}.Release|Any CPU.ActiveCfg = Release|iPhone
		{BB241DED-C9C4-4B23-BDC8-187337AFC6BB}.Release|Any CPU.Build.0 = Release|iPhone
		{BB241DED-C9C4-4B23-BDC8-187337AFC6BB}.Release|Any CPU.Deploy.0 = Release|iPhone
		{BB241DED-C9C4-4B23-BDC8-187337AFC6BB}.Release|ARM.ActiveCfg = Release|iPhone
		{BB241DED-C9C4-4B23-BDC8-187337AFC6BB}.Release|ARM.Build.0 = Release|iPhone
		{BB241DED-C9C4-4B23-BDC8-187337AFC6BB}.Release|ARM.Deploy.0 = Release|iPhone
		{BB241DED-C9C4-4B23-BDC8-187337AFC6BB}.Release|iPhone.ActiveCfg = Release|iPhone
		{BB241DED-C9C4-4B23-BDC8-187337AFC6BB}.Release|iPhone.Build.0 = Release|iPhone
		{BB241DED-C9C4-4B23-BDC8-187337AFC6BB}.Release|iPhone.Deploy.0 = Release|iPhone
		{BB241DED-C9C4-4B23-BDC8-187337AFC6BB}.Release|iPhoneSimulator.ActiveCfg = Release|iPhoneSimulator
		{BB241DED-C9C4-4B23-BDC8-187337AFC6BB}.Release|iPhoneSimulator.Build.0 = Release|iPhoneSimulator
		{BB241DED-C9C4-4B23-BDC8-187337AFC6BB}.Release|iPhoneSimulator.Deploy.0 = Release|iPhoneSimulator
		{BB241DED-C9C4-4B23-BDC8-187337AFC6BB}.Release|x64.ActiveCfg = Release|iPhone
		{BB241DED-C9C4-4B23-BDC8-187337AFC6BB}.Release|x64.Build.0 = Release|iPhone
		{BB241DED-C9C4-4B23-BDC8-187337AFC6BB}.Release|x64.Deploy.0 = Release|iPhone
		{BB241DED-C9C4-4B23-BDC8-187337AFC6BB}.Release|x86.ActiveCfg = Release|iPhone
		{BB241DED-C9C4-4B23-BDC8-187337AFC6BB}.Release|x86.Build.0 = Release|iPhone
		{BB241DED-C9C4-4B23-BDC8-187337AFC6BB}.Release|x86.Deploy.0 = Release|iPhone
		{E261EC22-36CC-4B77-AB55-C4CF15A138C1}.Debug|Any CPU.ActiveCfg = Debug|Any CPU
		{E261EC22-36CC-4B77-AB55-C4CF15A138C1}.Debug|Any CPU.Build.0 = Debug|Any CPU
		{E261EC22-36CC-4B77-AB55-C4CF15A138C1}.Debug|Any CPU.Deploy.0 = Debug|Any CPU
		{E261EC22-36CC-4B77-AB55-C4CF15A138C1}.Debug|ARM.ActiveCfg = Debug|Any CPU
		{E261EC22-36CC-4B77-AB55-C4CF15A138C1}.Debug|ARM.Build.0 = Debug|Any CPU
		{E261EC22-36CC-4B77-AB55-C4CF15A138C1}.Debug|ARM.Deploy.0 = Debug|Any CPU
		{E261EC22-36CC-4B77-AB55-C4CF15A138C1}.Debug|iPhone.ActiveCfg = Debug|Any CPU
		{E261EC22-36CC-4B77-AB55-C4CF15A138C1}.Debug|iPhone.Build.0 = Debug|Any CPU
		{E261EC22-36CC-4B77-AB55-C4CF15A138C1}.Debug|iPhone.Deploy.0 = Debug|Any CPU
		{E261EC22-36CC-4B77-AB55-C4CF15A138C1}.Debug|iPhoneSimulator.ActiveCfg = Debug|Any CPU
		{E261EC22-36CC-4B77-AB55-C4CF15A138C1}.Debug|iPhoneSimulator.Build.0 = Debug|Any CPU
		{E261EC22-36CC-4B77-AB55-C4CF15A138C1}.Debug|iPhoneSimulator.Deploy.0 = Debug|Any CPU
		{E261EC22-36CC-4B77-AB55-C4CF15A138C1}.Debug|x64.ActiveCfg = Debug|Any CPU
		{E261EC22-36CC-4B77-AB55-C4CF15A138C1}.Debug|x64.Build.0 = Debug|Any CPU
		{E261EC22-36CC-4B77-AB55-C4CF15A138C1}.Debug|x64.Deploy.0 = Debug|Any CPU
		{E261EC22-36CC-4B77-AB55-C4CF15A138C1}.Debug|x86.ActiveCfg = Debug|Any CPU
		{E261EC22-36CC-4B77-AB55-C4CF15A138C1}.Debug|x86.Build.0 = Debug|Any CPU
		{E261EC22-36CC-4B77-AB55-C4CF15A138C1}.Debug|x86.Deploy.0 = Debug|Any CPU
		{E261EC22-36CC-4B77-AB55-C4CF15A138C1}.Release|Any CPU.ActiveCfg = Release|Any CPU
		{E261EC22-36CC-4B77-AB55-C4CF15A138C1}.Release|Any CPU.Build.0 = Release|Any CPU
		{E261EC22-36CC-4B77-AB55-C4CF15A138C1}.Release|Any CPU.Deploy.0 = Release|Any CPU
		{E261EC22-36CC-4B77-AB55-C4CF15A138C1}.Release|ARM.ActiveCfg = Release|Any CPU
		{E261EC22-36CC-4B77-AB55-C4CF15A138C1}.Release|ARM.Build.0 = Release|Any CPU
		{E261EC22-36CC-4B77-AB55-C4CF15A138C1}.Release|ARM.Deploy.0 = Release|Any CPU
		{E261EC22-36CC-4B77-AB55-C4CF15A138C1}.Release|iPhone.ActiveCfg = Release|Any CPU
		{E261EC22-36CC-4B77-AB55-C4CF15A138C1}.Release|iPhone.Build.0 = Release|Any CPU
		{E261EC22-36CC-4B77-AB55-C4CF15A138C1}.Release|iPhone.Deploy.0 = Release|Any CPU
		{E261EC22-36CC-4B77-AB55-C4CF15A138C1}.Release|iPhoneSimulator.ActiveCfg = Release|Any CPU
		{E261EC22-36CC-4B77-AB55-C4CF15A138C1}.Release|iPhoneSimulator.Build.0 = Release|Any CPU
		{E261EC22-36CC-4B77-AB55-C4CF15A138C1}.Release|iPhoneSimulator.Deploy.0 = Release|Any CPU
		{E261EC22-36CC-4B77-AB55-C4CF15A138C1}.Release|x64.ActiveCfg = Release|Any CPU
		{E261EC22-36CC-4B77-AB55-C4CF15A138C1}.Release|x64.Build.0 = Release|Any CPU
		{E261EC22-36CC-4B77-AB55-C4CF15A138C1}.Release|x64.Deploy.0 = Release|Any CPU
		{E261EC22-36CC-4B77-AB55-C4CF15A138C1}.Release|x86.ActiveCfg = Release|Any CPU
		{E261EC22-36CC-4B77-AB55-C4CF15A138C1}.Release|x86.Build.0 = Release|Any CPU
		{E261EC22-36CC-4B77-AB55-C4CF15A138C1}.Release|x86.Deploy.0 = Release|Any CPU
	EndGlobalSection
	GlobalSection(SolutionProperties) = preSolution
		HideSolutionNode = FALSE
	EndGlobalSection
	GlobalSection(ExtensibilityGlobals) = postSolution
		SolutionGuid = {CB43279A-4A58-4C41-9AE3-432C82E7F984}
	EndGlobalSection
EndGlobal
